
Microsoft Visual Studio Solution File, Format Version 12.00
# Visual Studio Version 17
VisualStudioVersion = 17.9.34622.214
MinimumVisualStudioVersion = 10.0.40219.1
Project("{2150E333-8FDC-42A3-9474-1A3956D46DE8}") = "Services", "Services", "{D0DFB94D-2067-4782-AEA2-5A44C3C3E455}"
EndProject
Project("{2150E333-8FDC-42A3-9474-1A3956D46DE8}") = "Catalog", "Catalog", "{B4ED9DB2-0C0C-40D0-AD57-4097A3594362}"
EndProject
Project("{9A19103F-16F7-4668-BE54-9A1E7A4F7556}") = "MultiShop.Catalog", "Services\Catalog\MultiShop.Catalog\MultiShop.Catalog.csproj", "{BFBF59FA-17E1-4AC0-9AA1-23220DC30520}"
EndProject
Project("{2150E333-8FDC-42A3-9474-1A3956D46DE8}") = "Discount", "Discount", "{8A52F2E9-6BC3-43A7-AE03-4BA53584FBD7}"
EndProject
Project("{9A19103F-16F7-4668-BE54-9A1E7A4F7556}") = "MultiShop.Discount", "Services\Discount\MultiShop.Discount\MultiShop.Discount.csproj", "{EFF0E1E4-7FEA-4082-B495-0A3047C48021}"
EndProject
Project("{2150E333-8FDC-42A3-9474-1A3956D46DE8}") = "Order", "Order", "{73A0BB96-D2EE-4A12-8F58-E25041D889B9}"
EndProject
Project("{2150E333-8FDC-42A3-9474-1A3956D46DE8}") = "Core", "Core", "{7D2C41F1-7716-4153-9BC6-3F7E2C39B6FA}"
EndProject
Project("{2150E333-8FDC-42A3-9474-1A3956D46DE8}") = "Infrastructure", "Infrastructure", "{3AB2A46C-477B-497A-9088-2D723DB09CE7}"
EndProject
Project("{2150E333-8FDC-42A3-9474-1A3956D46DE8}") = "Presentation", "Presentation", "{19B6AA41-C7FA-4284-8F40-258036FCF896}"
EndProject
Project("{9A19103F-16F7-4668-BE54-9A1E7A4F7556}") = "MultiShop.Order.Domain", "Services\Order\Core\MultiShop.Order.Domain\MultiShop.Order.Domain.csproj", "{92F573C4-DCAC-4733-B9BD-5C2BC5CE8FAF}"
EndProject
Project("{9A19103F-16F7-4668-BE54-9A1E7A4F7556}") = "MultiShop.Order.Application", "Services\Order\Core\MultiShop.Order.Application\MultiShop.Order.Application.csproj", "{0CA1DFC2-FB3F-462C-B06B-A9D804C92056}"
EndProject
Project("{9A19103F-16F7-4668-BE54-9A1E7A4F7556}") = "MultiShop.Order.WebApi", "Services\Order\Presentation\MultiShop.Order.WebApi\MultiShop.Order.WebApi.csproj", "{A9D872AD-063C-486A-86C1-7FB0AD3478A0}"
EndProject
Project("{9A19103F-16F7-4668-BE54-9A1E7A4F7556}") = "MultiShop.Order.Persistence", "Services\Order\Infrastructure\MultiShop.Order.Persistence\MultiShop.Order.Persistence.csproj", "{EE82A23E-40C8-4BF0-ADC2-32D5B07789C5}"
EndProject
Project("{2150E333-8FDC-42A3-9474-1A3956D46DE8}") = "IdentityServer", "IdentityServer", "{04621D49-B0DD-4F56-8FEF-0B41C59E0465}"
EndProject
Project("{9A19103F-16F7-4668-BE54-9A1E7A4F7556}") = "MultiShop.IdentityServer", "IdentityServer\MultiShop.IdentityServer\MultiShop.IdentityServer.csproj", "{37A16DB0-2880-4F50-B042-6F166BE21830}"
EndProject
Project("{2150E333-8FDC-42A3-9474-1A3956D46DE8}") = "Requirements", "Requirements", "{14D7186D-DB59-4EF9-BD36-962EEB8DBBF6}"
	ProjectSection(SolutionItems) = preProject
		ocelotLink.txt = ocelotLink.txt
		PortNumbers.txt = PortNumbers.txt
	EndProjectSection
EndProject
Project("{2150E333-8FDC-42A3-9474-1A3956D46DE8}") = "Basket", "Basket", "{8722CF29-EC80-4727-B2CA-C7535653AB67}"
EndProject
Project("{9A19103F-16F7-4668-BE54-9A1E7A4F7556}") = "MultiShop.Basket", "Services\Basket\MultiShop.Basket\MultiShop.Basket.csproj", "{8EADD60E-A11E-485D-AE83-004950FED99E}"
EndProject
Project("{2150E333-8FDC-42A3-9474-1A3956D46DE8}") = "Cargo", "Cargo", "{81309299-8003-4A9B-BFF1-1558112E7715}"
EndProject
Project("{9A19103F-16F7-4668-BE54-9A1E7A4F7556}") = "MultiShop.Cargo.EntityLayer", "Services\Cargo\MultiShop.Cargo.EntityLayer\MultiShop.Cargo.EntityLayer.csproj", "{A77482DA-CFB7-4BDE-872C-6944C9AED3B0}"
EndProject
Project("{9A19103F-16F7-4668-BE54-9A1E7A4F7556}") = "MultiShop.Cargo.DtoLayer", "Services\Cargo\MultiShop.Cargo.DtoLayer\MultiShop.Cargo.DtoLayer.csproj", "{1AD93108-02CB-4BB1-B8AC-9E9F160D4844}"
EndProject
Project("{9A19103F-16F7-4668-BE54-9A1E7A4F7556}") = "MultiShop.Cargo.DataAccessLayer", "Services\Cargo\MultiShop.Cargo.DataAccessLayer\MultiShop.Cargo.DataAccessLayer.csproj", "{572B3B74-69A7-4FD1-9FAC-40DE5F38B934}"
EndProject
Project("{9A19103F-16F7-4668-BE54-9A1E7A4F7556}") = "MultiShop.Cargo.BussinessLayer", "Services\Cargo\MultiShop.Cargo.BussinessLayer\MultiShop.Cargo.BussinessLayer.csproj", "{8FF15C5D-FF5B-44F5-8A09-A074DBD5D14F}"
EndProject
Project("{9A19103F-16F7-4668-BE54-9A1E7A4F7556}") = "MultiShop.Cargo.WebApi", "Services\Cargo\MultiShop.Cargo.WebApi\MultiShop.Cargo.WebApi.csproj", "{F68EDFB6-D0F6-40DE-9F1D-286AB99E0E97}"
EndProject
Project("{2150E333-8FDC-42A3-9474-1A3956D46DE8}") = "Frontends", "Frontends", "{85BE350C-C908-4455-936C-DEE854292D9D}"
EndProject
Project("{9A19103F-16F7-4668-BE54-9A1E7A4F7556}") = "MultiShop.WebUI", "Frontends\MultiShop.WebUI\MultiShop.WebUI.csproj", "{311119AE-E7CC-4C35-AF6B-6852F6B0FDC6}"
EndProject
Project("{9A19103F-16F7-4668-BE54-9A1E7A4F7556}") = "MultiShop.DtoLayer", "Frontends\MultiShop.DtoLayer\MultiShop.DtoLayer.csproj", "{0F48F259-D846-40DD-B79B-4EFADE8ED8ED}"
EndProject
Project("{2150E333-8FDC-42A3-9474-1A3956D46DE8}") = "Comment", "Comment", "{D065D36C-5A7A-4D52-8510-4761C75BB4E9}"
EndProject
Project("{9A19103F-16F7-4668-BE54-9A1E7A4F7556}") = "MultiShop.Comment", "Services\Comment\MultiShop.Comment\MultiShop.Comment.csproj", "{CE90D654-4C45-4E7F-A223-700C5812B507}"
EndProject
Project("{2150E333-8FDC-42A3-9474-1A3956D46DE8}") = "ApiGateway", "ApiGateway", "{BCAC6775-6179-4905-A959-4C7C516B7168}"
EndProject
Project("{9A19103F-16F7-4668-BE54-9A1E7A4F7556}") = "MultiShop.OcelotGateway", "MultiShop\ApiGateway\MultiShop.OcelotGateway\MultiShop.OcelotGateway.csproj", "{03422C80-4658-43A8-8B60-952B404D2328}"
EndProject
Project("{2150E333-8FDC-42A3-9474-1A3956D46DE8}") = "Payment", "Payment", "{705ABDE6-6E9A-41B5-9EA5-B84B2B0F80C4}"
EndProject
Project("{9A19103F-16F7-4668-BE54-9A1E7A4F7556}") = "MultiShop.Payment", "Services\Payment\MultiShop.Payment\MultiShop.Payment.csproj", "{51D2FEF6-44AC-4326-8C8E-8D0A63ACEB32}"
EndProject
Project("{2150E333-8FDC-42A3-9474-1A3956D46DE8}") = "Images", "Images", "{12E148E2-B64C-426A-B8BF-F78478508CBC}"
EndProject
Project("{9A19103F-16F7-4668-BE54-9A1E7A4F7556}") = "MultiShop.Images", "Services\Images\MultiShop.Images\MultiShop.Images.csproj", "{9ED4E6C1-A6E6-4EB6-B19E-F1F772DFF37A}"
EndProject
Project("{2150E333-8FDC-42A3-9474-1A3956D46DE8}") = "Message", "Message", "{B51D2AC1-6B45-4846-8735-1CFA620282AD}"
EndProject
Project("{9A19103F-16F7-4668-BE54-9A1E7A4F7556}") = "MultiShop.Message", "Services\Message\MultiShop.Message\MultiShop.Message.csproj", "{BB42B0CE-8B95-446F-A030-FD42CC9FF8A0}"
EndProject
Global
	GlobalSection(SolutionConfigurationPlatforms) = preSolution
		Debug|Any CPU = Debug|Any CPU
		Release|Any CPU = Release|Any CPU
	EndGlobalSection
	GlobalSection(ProjectConfigurationPlatforms) = postSolution
		{BFBF59FA-17E1-4AC0-9AA1-23220DC30520}.Debug|Any CPU.ActiveCfg = Debug|Any CPU
		{BFBF59FA-17E1-4AC0-9AA1-23220DC30520}.Debug|Any CPU.Build.0 = Debug|Any CPU
		{BFBF59FA-17E1-4AC0-9AA1-23220DC30520}.Release|Any CPU.ActiveCfg = Release|Any CPU
		{BFBF59FA-17E1-4AC0-9AA1-23220DC30520}.Release|Any CPU.Build.0 = Release|Any CPU
		{EFF0E1E4-7FEA-4082-B495-0A3047C48021}.Debug|Any CPU.ActiveCfg = Debug|Any CPU
		{EFF0E1E4-7FEA-4082-B495-0A3047C48021}.Debug|Any CPU.Build.0 = Debug|Any CPU
		{EFF0E1E4-7FEA-4082-B495-0A3047C48021}.Release|Any CPU.ActiveCfg = Release|Any CPU
		{EFF0E1E4-7FEA-4082-B495-0A3047C48021}.Release|Any CPU.Build.0 = Release|Any CPU
		{92F573C4-DCAC-4733-B9BD-5C2BC5CE8FAF}.Debug|Any CPU.ActiveCfg = Debug|Any CPU
		{92F573C4-DCAC-4733-B9BD-5C2BC5CE8FAF}.Debug|Any CPU.Build.0 = Debug|Any CPU
		{92F573C4-DCAC-4733-B9BD-5C2BC5CE8FAF}.Release|Any CPU.ActiveCfg = Release|Any CPU
		{92F573C4-DCAC-4733-B9BD-5C2BC5CE8FAF}.Release|Any CPU.Build.0 = Release|Any CPU
		{0CA1DFC2-FB3F-462C-B06B-A9D804C92056}.Debug|Any CPU.ActiveCfg = Debug|Any CPU
		{0CA1DFC2-FB3F-462C-B06B-A9D804C92056}.Debug|Any CPU.Build.0 = Debug|Any CPU
		{0CA1DFC2-FB3F-462C-B06B-A9D804C92056}.Release|Any CPU.ActiveCfg = Release|Any CPU
		{0CA1DFC2-FB3F-462C-B06B-A9D804C92056}.Release|Any CPU.Build.0 = Release|Any CPU
		{A9D872AD-063C-486A-86C1-7FB0AD3478A0}.Debug|Any CPU.ActiveCfg = Debug|Any CPU
		{A9D872AD-063C-486A-86C1-7FB0AD3478A0}.Debug|Any CPU.Build.0 = Debug|Any CPU
		{A9D872AD-063C-486A-86C1-7FB0AD3478A0}.Release|Any CPU.ActiveCfg = Release|Any CPU
		{A9D872AD-063C-486A-86C1-7FB0AD3478A0}.Release|Any CPU.Build.0 = Release|Any CPU
		{EE82A23E-40C8-4BF0-ADC2-32D5B07789C5}.Debug|Any CPU.ActiveCfg = Debug|Any CPU
		{EE82A23E-40C8-4BF0-ADC2-32D5B07789C5}.Debug|Any CPU.Build.0 = Debug|Any CPU
		{EE82A23E-40C8-4BF0-ADC2-32D5B07789C5}.Release|Any CPU.ActiveCfg = Release|Any CPU
		{EE82A23E-40C8-4BF0-ADC2-32D5B07789C5}.Release|Any CPU.Build.0 = Release|Any CPU
		{37A16DB0-2880-4F50-B042-6F166BE21830}.Debug|Any CPU.ActiveCfg = Debug|Any CPU
		{37A16DB0-2880-4F50-B042-6F166BE21830}.Debug|Any CPU.Build.0 = Debug|Any CPU
		{37A16DB0-2880-4F50-B042-6F166BE21830}.Release|Any CPU.ActiveCfg = Release|Any CPU
		{37A16DB0-2880-4F50-B042-6F166BE21830}.Release|Any CPU.Build.0 = Release|Any CPU
		{8EADD60E-A11E-485D-AE83-004950FED99E}.Debug|Any CPU.ActiveCfg = Debug|Any CPU
		{8EADD60E-A11E-485D-AE83-004950FED99E}.Debug|Any CPU.Build.0 = Debug|Any CPU
		{8EADD60E-A11E-485D-AE83-004950FED99E}.Release|Any CPU.ActiveCfg = Release|Any CPU
		{8EADD60E-A11E-485D-AE83-004950FED99E}.Release|Any CPU.Build.0 = Release|Any CPU
		{A77482DA-CFB7-4BDE-872C-6944C9AED3B0}.Debug|Any CPU.ActiveCfg = Debug|Any CPU
		{A77482DA-CFB7-4BDE-872C-6944C9AED3B0}.Debug|Any CPU.Build.0 = Debug|Any CPU
		{A77482DA-CFB7-4BDE-872C-6944C9AED3B0}.Release|Any CPU.ActiveCfg = Release|Any CPU
		{A77482DA-CFB7-4BDE-872C-6944C9AED3B0}.Release|Any CPU.Build.0 = Release|Any CPU
		{1AD93108-02CB-4BB1-B8AC-9E9F160D4844}.Debug|Any CPU.ActiveCfg = Debug|Any CPU
		{1AD93108-02CB-4BB1-B8AC-9E9F160D4844}.Debug|Any CPU.Build.0 = Debug|Any CPU
		{1AD93108-02CB-4BB1-B8AC-9E9F160D4844}.Release|Any CPU.ActiveCfg = Release|Any CPU
		{1AD93108-02CB-4BB1-B8AC-9E9F160D4844}.Release|Any CPU.Build.0 = Release|Any CPU
		{572B3B74-69A7-4FD1-9FAC-40DE5F38B934}.Debug|Any CPU.ActiveCfg = Debug|Any CPU
		{572B3B74-69A7-4FD1-9FAC-40DE5F38B934}.Debug|Any CPU.Build.0 = Debug|Any CPU
		{572B3B74-69A7-4FD1-9FAC-40DE5F38B934}.Release|Any CPU.ActiveCfg = Release|Any CPU
		{572B3B74-69A7-4FD1-9FAC-40DE5F38B934}.Release|Any CPU.Build.0 = Release|Any CPU
		{8FF15C5D-FF5B-44F5-8A09-A074DBD5D14F}.Debug|Any CPU.ActiveCfg = Debug|Any CPU
		{8FF15C5D-FF5B-44F5-8A09-A074DBD5D14F}.Debug|Any CPU.Build.0 = Debug|Any CPU
		{8FF15C5D-FF5B-44F5-8A09-A074DBD5D14F}.Release|Any CPU.ActiveCfg = Release|Any CPU
		{8FF15C5D-FF5B-44F5-8A09-A074DBD5D14F}.Release|Any CPU.Build.0 = Release|Any CPU
		{F68EDFB6-D0F6-40DE-9F1D-286AB99E0E97}.Debug|Any CPU.ActiveCfg = Debug|Any CPU
		{F68EDFB6-D0F6-40DE-9F1D-286AB99E0E97}.Debug|Any CPU.Build.0 = Debug|Any CPU
		{F68EDFB6-D0F6-40DE-9F1D-286AB99E0E97}.Release|Any CPU.ActiveCfg = Release|Any CPU
		{F68EDFB6-D0F6-40DE-9F1D-286AB99E0E97}.Release|Any CPU.Build.0 = Release|Any CPU
		{311119AE-E7CC-4C35-AF6B-6852F6B0FDC6}.Debug|Any CPU.ActiveCfg = Debug|Any CPU
		{311119AE-E7CC-4C35-AF6B-6852F6B0FDC6}.Debug|Any CPU.Build.0 = Debug|Any CPU
		{311119AE-E7CC-4C35-AF6B-6852F6B0FDC6}.Release|Any CPU.ActiveCfg = Release|Any CPU
		{311119AE-E7CC-4C35-AF6B-6852F6B0FDC6}.Release|Any CPU.Build.0 = Release|Any CPU
		{0F48F259-D846-40DD-B79B-4EFADE8ED8ED}.Debug|Any CPU.ActiveCfg = Debug|Any CPU
		{0F48F259-D846-40DD-B79B-4EFADE8ED8ED}.Debug|Any CPU.Build.0 = Debug|Any CPU
		{0F48F259-D846-40DD-B79B-4EFADE8ED8ED}.Release|Any CPU.ActiveCfg = Release|Any CPU
		{0F48F259-D846-40DD-B79B-4EFADE8ED8ED}.Release|Any CPU.Build.0 = Release|Any CPU
		{CE90D654-4C45-4E7F-A223-700C5812B507}.Debug|Any CPU.ActiveCfg = Debug|Any CPU
		{CE90D654-4C45-4E7F-A223-700C5812B507}.Debug|Any CPU.Build.0 = Debug|Any CPU
		{CE90D654-4C45-4E7F-A223-700C5812B507}.Release|Any CPU.ActiveCfg = Release|Any CPU
		{CE90D654-4C45-4E7F-A223-700C5812B507}.Release|Any CPU.Build.0 = Release|Any CPU
		{03422C80-4658-43A8-8B60-952B404D2328}.Debug|Any CPU.ActiveCfg = Debug|Any CPU
		{03422C80-4658-43A8-8B60-952B404D2328}.Debug|Any CPU.Build.0 = Debug|Any CPU
		{03422C80-4658-43A8-8B60-952B404D2328}.Release|Any CPU.ActiveCfg = Release|Any CPU
		{03422C80-4658-43A8-8B60-952B404D2328}.Release|Any CPU.Build.0 = Release|Any CPU
		{51D2FEF6-44AC-4326-8C8E-8D0A63ACEB32}.Debug|Any CPU.ActiveCfg = Debug|Any CPU
		{51D2FEF6-44AC-4326-8C8E-8D0A63ACEB32}.Debug|Any CPU.Build.0 = Debug|Any CPU
		{51D2FEF6-44AC-4326-8C8E-8D0A63ACEB32}.Release|Any CPU.ActiveCfg = Release|Any CPU
		{51D2FEF6-44AC-4326-8C8E-8D0A63ACEB32}.Release|Any CPU.Build.0 = Release|Any CPU
		{9ED4E6C1-A6E6-4EB6-B19E-F1F772DFF37A}.Debug|Any CPU.ActiveCfg = Debug|Any CPU
		{9ED4E6C1-A6E6-4EB6-B19E-F1F772DFF37A}.Debug|Any CPU.Build.0 = Debug|Any CPU
		{9ED4E6C1-A6E6-4EB6-B19E-F1F772DFF37A}.Release|Any CPU.ActiveCfg = Release|Any CPU
		{9ED4E6C1-A6E6-4EB6-B19E-F1F772DFF37A}.Release|Any CPU.Build.0 = Release|Any CPU
		{BB42B0CE-8B95-446F-A030-FD42CC9FF8A0}.Debug|Any CPU.ActiveCfg = Debug|Any CPU
		{BB42B0CE-8B95-446F-A030-FD42CC9FF8A0}.Debug|Any CPU.Build.0 = Debug|Any CPU
		{BB42B0CE-8B95-446F-A030-FD42CC9FF8A0}.Release|Any CPU.ActiveCfg = Release|Any CPU
		{BB42B0CE-8B95-446F-A030-FD42CC9FF8A0}.Release|Any CPU.Build.0 = Release|Any CPU
	EndGlobalSection
	GlobalSection(SolutionProperties) = preSolution
		HideSolutionNode = FALSE
	EndGlobalSection
	GlobalSection(NestedProjects) = preSolution
		{B4ED9DB2-0C0C-40D0-AD57-4097A3594362} = {D0DFB94D-2067-4782-AEA2-5A44C3C3E455}
		{BFBF59FA-17E1-4AC0-9AA1-23220DC30520} = {B4ED9DB2-0C0C-40D0-AD57-4097A3594362}
		{8A52F2E9-6BC3-43A7-AE03-4BA53584FBD7} = {D0DFB94D-2067-4782-AEA2-5A44C3C3E455}
		{EFF0E1E4-7FEA-4082-B495-0A3047C48021} = {8A52F2E9-6BC3-43A7-AE03-4BA53584FBD7}
		{73A0BB96-D2EE-4A12-8F58-E25041D889B9} = {D0DFB94D-2067-4782-AEA2-5A44C3C3E455}
		{7D2C41F1-7716-4153-9BC6-3F7E2C39B6FA} = {73A0BB96-D2EE-4A12-8F58-E25041D889B9}
		{3AB2A46C-477B-497A-9088-2D723DB09CE7} = {73A0BB96-D2EE-4A12-8F58-E25041D889B9}
		{19B6AA41-C7FA-4284-8F40-258036FCF896} = {73A0BB96-D2EE-4A12-8F58-E25041D889B9}
		{92F573C4-DCAC-4733-B9BD-5C2BC5CE8FAF} = {7D2C41F1-7716-4153-9BC6-3F7E2C39B6FA}
		{0CA1DFC2-FB3F-462C-B06B-A9D804C92056} = {7D2C41F1-7716-4153-9BC6-3F7E2C39B6FA}
		{A9D872AD-063C-486A-86C1-7FB0AD3478A0} = {19B6AA41-C7FA-4284-8F40-258036FCF896}
		{EE82A23E-40C8-4BF0-ADC2-32D5B07789C5} = {3AB2A46C-477B-497A-9088-2D723DB09CE7}
		{37A16DB0-2880-4F50-B042-6F166BE21830} = {04621D49-B0DD-4F56-8FEF-0B41C59E0465}
		{8722CF29-EC80-4727-B2CA-C7535653AB67} = {D0DFB94D-2067-4782-AEA2-5A44C3C3E455}
		{8EADD60E-A11E-485D-AE83-004950FED99E} = {8722CF29-EC80-4727-B2CA-C7535653AB67}
		{81309299-8003-4A9B-BFF1-1558112E7715} = {D0DFB94D-2067-4782-AEA2-5A44C3C3E455}
		{A77482DA-CFB7-4BDE-872C-6944C9AED3B0} = {81309299-8003-4A9B-BFF1-1558112E7715}
		{1AD93108-02CB-4BB1-B8AC-9E9F160D4844} = {81309299-8003-4A9B-BFF1-1558112E7715}
		{572B3B74-69A7-4FD1-9FAC-40DE5F38B934} = {81309299-8003-4A9B-BFF1-1558112E7715}
		{8FF15C5D-FF5B-44F5-8A09-A074DBD5D14F} = {81309299-8003-4A9B-BFF1-1558112E7715}
		{F68EDFB6-D0F6-40DE-9F1D-286AB99E0E97} = {81309299-8003-4A9B-BFF1-1558112E7715}
		{311119AE-E7CC-4C35-AF6B-6852F6B0FDC6} = {85BE350C-C908-4455-936C-DEE854292D9D}
		{0F48F259-D846-40DD-B79B-4EFADE8ED8ED} = {85BE350C-C908-4455-936C-DEE854292D9D}
		{D065D36C-5A7A-4D52-8510-4761C75BB4E9} = {D0DFB94D-2067-4782-AEA2-5A44C3C3E455}
		{CE90D654-4C45-4E7F-A223-700C5812B507} = {D065D36C-5A7A-4D52-8510-4761C75BB4E9}
		{03422C80-4658-43A8-8B60-952B404D2328} = {BCAC6775-6179-4905-A959-4C7C516B7168}
		{705ABDE6-6E9A-41B5-9EA5-B84B2B0F80C4} = {D0DFB94D-2067-4782-AEA2-5A44C3C3E455}
		{51D2FEF6-44AC-4326-8C8E-8D0A63ACEB32} = {705ABDE6-6E9A-41B5-9EA5-B84B2B0F80C4}
		{12E148E2-B64C-426A-B8BF-F78478508CBC} = {D0DFB94D-2067-4782-AEA2-5A44C3C3E455}
		{9ED4E6C1-A6E6-4EB6-B19E-F1F772DFF37A} = {12E148E2-B64C-426A-B8BF-F78478508CBC}
		{B51D2AC1-6B45-4846-8735-1CFA620282AD} = {D0DFB94D-2067-4782-AEA2-5A44C3C3E455}
		{BB42B0CE-8B95-446F-A030-FD42CC9FF8A0} = {B51D2AC1-6B45-4846-8735-1CFA620282AD}
	EndGlobalSection
	GlobalSection(ExtensibilityGlobals) = postSolution
		SolutionGuid = {090C1C70-2871-43ED-A70E-A4B6EDF0E4F5}
	EndGlobalSection
EndGlobal
